
Microsoft Visual Studio Solution File, Format Version 12.00
# Visual Studio Version 16
VisualStudioVersion = 25.0.1704.2
MinimumVisualStudioVersion = 10.0.40219.1
Project("{FAE04EC0-301F-11D3-BF4B-00C04F79EFBC}") = "ISM 4300 -- Deliverable 2", "ISM 4300 -- Deliverable 2\ISM 4300 -- Deliverable 2.csproj", "{D250B14F-DF37-44A8-8CCF-D61082009059}"
EndProject
Project("{FAE04EC0-301F-11D3-BF4B-00C04F79EFBC}") = "ConditionalStatements2", "..\ConditionalStatements2\ConditionalStatements2\ConditionalStatements2.csproj", "{67A98A5B-ACF7-4C21-BE82-EAB6C83909D8}"
EndProject
Project("{FAE04EC0-301F-11D3-BF4B-00C04F79EFBC}") = "ConditionalStatements", "..\ConditionalStatements\ConditionalStatements\ConditionalStatements.csproj", "{A9A9E470-4FCF-4D9C-98B4-69A60709D494}"
EndProject
Global
	GlobalSection(SolutionConfigurationPlatforms) = preSolution
		Debug|Any CPU = Debug|Any CPU
		Release|Any CPU = Release|Any CPU
	EndGlobalSection
	GlobalSection(ProjectConfigurationPlatforms) = postSolution
		{D250B14F-DF37-44A8-8CCF-D61082009059}.Debug|Any CPU.ActiveCfg = Debug|Any CPU
		{D250B14F-DF37-44A8-8CCF-D61082009059}.Debug|Any CPU.Build.0 = Debug|Any CPU
		{D250B14F-DF37-44A8-8CCF-D61082009059}.Release|Any CPU.ActiveCfg = Release|Any CPU
		{D250B14F-DF37-44A8-8CCF-D61082009059}.Release|Any CPU.Build.0 = Release|Any CPU
		{67A98A5B-ACF7-4C21-BE82-EAB6C83909D8}.Debug|Any CPU.ActiveCfg = Debug|Any CPU
		{67A98A5B-ACF7-4C21-BE82-EAB6C83909D8}.Debug|Any CPU.Build.0 = Debug|Any CPU
		{67A98A5B-ACF7-4C21-BE82-EAB6C83909D8}.Release|Any CPU.ActiveCfg = Release|Any CPU
		{67A98A5B-ACF7-4C21-BE82-EAB6C83909D8}.Release|Any CPU.Build.0 = Release|Any CPU
		{A9A9E470-4FCF-4D9C-98B4-69A60709D494}.Debug|Any CPU.ActiveCfg = Debug|Any CPU
		{A9A9E470-4FCF-4D9C-98B4-69A60709D494}.Debug|Any CPU.Build.0 = Debug|Any CPU
		{A9A9E470-4FCF-4D9C-98B4-69A60709D494}.Release|Any CPU.ActiveCfg = Release|Any CPU
		{A9A9E470-4FCF-4D9C-98B4-69A60709D494}.Release|Any CPU.Build.0 = Release|Any CPU
	EndGlobalSection
	GlobalSection(SolutionProperties) = preSolution
		HideSolutionNode = FALSE
	EndGlobalSection
	GlobalSection(ExtensibilityGlobals) = postSolution
		SolutionGuid = {CC75C1F4-C88D-4484-A2D1-575706223487}
	EndGlobalSection
EndGlobal
